Microsoft Visual Studio Solution File, Format Version 11.00
# Visual Studio 2008

Project("{275A5B24-2F11-2736-2BA3-3A1B2C83B7BF}") = "PentaRage", "Assembly-CSharp-firstpass.csproj", "{E6E490F7-475A-2431-98A5-BBAFC1AA5BB3}"
EndProject
Project("{275A5B24-2F11-2736-2BA3-3A1B2C83B7BF}") = "PentaRage", "Assembly-CSharp.csproj", "{E52E5FFC-80E9-7C6C-1CE6-26037BC8B516}"
EndProject
Project("{275A5B24-2F11-2736-2BA3-3A1B2C83B7BF}") = "PentaRage", "Assembly-UnityScript-firstpass.unityproj", "{1214A32A-65F5-B757-F6D7-6D26DF136BE8}"
EndProject
Global
	GlobalSection(SolutionConfigurationPlatforms) = preSolution
		Debug|Any CPU = Debug|Any CPU
		Release|Any CPU = Release|Any CPU
	EndGlobalSection
	GlobalSection(ProjectConfigurationPlatforms) = postSolution
		{E6E490F7-475A-2431-98A5-BBAFC1AA5BB3}.Debug|Any CPU.ActiveCfg = Debug|Any CPU
		{E6E490F7-475A-2431-98A5-BBAFC1AA5BB3}.Debug|Any CPU.Build.0 = Debug|Any CPU
		{E6E490F7-475A-2431-98A5-BBAFC1AA5BB3}.Release|Any CPU.ActiveCfg = Release|Any CPU
		{E6E490F7-475A-2431-98A5-BBAFC1AA5BB3}.Release|Any CPU.Build.0 = Release|Any CPU
		{E52E5FFC-80E9-7C6C-1CE6-26037BC8B516}.Debug|Any CPU.ActiveCfg = Debug|Any CPU
		{E52E5FFC-80E9-7C6C-1CE6-26037BC8B516}.Debug|Any CPU.Build.0 = Debug|Any CPU
		{E52E5FFC-80E9-7C6C-1CE6-26037BC8B516}.Release|Any CPU.ActiveCfg = Release|Any CPU
		{E52E5FFC-80E9-7C6C-1CE6-26037BC8B516}.Release|Any CPU.Build.0 = Release|Any CPU
		{1214A32A-65F5-B757-F6D7-6D26DF136BE8}.Debug|Any CPU.ActiveCfg = Debug|Any CPU
		{1214A32A-65F5-B757-F6D7-6D26DF136BE8}.Debug|Any CPU.Build.0 = Debug|Any CPU
		{1214A32A-65F5-B757-F6D7-6D26DF136BE8}.Release|Any CPU.ActiveCfg = Release|Any CPU
		{1214A32A-65F5-B757-F6D7-6D26DF136BE8}.Release|Any CPU.Build.0 = Release|Any CPU
	EndGlobalSection
	GlobalSection(SolutionProperties) = preSolution
		HideSolutionNode = FALSE
	EndGlobalSection
		GlobalSection(MonoDevelopProperties) = preSolution
		StartupItem = Assembly-CSharp.csproj
		Policies = $0
		$0.TextStylePolicy = $1
		$1.inheritsSet = null
		$1.scope = text/x-csharp
		$0.CSharpFormattingPolicy = $2
		$2.inheritsSet = Mono
		$2.inheritsScope = text/x-csharp
		$2.scope = text/x-csharp
		$0.TextStylePolicy = $3
		$3.FileWidth = 120
		$3.TabWidth = 4
		$3.EolMarker = Unix
		$3.inheritsSet = Mono
		$3.inheritsScope = text/plain
		$3.scope = text/plain
	EndGlobalSection

EndGlobal
